
Microsoft Visual Studio Solution File, Format Version 12.00
# Visual Studio 15
VisualStudioVersion = 15.0.26124.0
MinimumVisualStudioVersion = 15.0.26124.0
Project("{FAE04EC0-301F-11D3-BF4B-00C04F79EFBC}") = "application", "Api.Application\application.csproj", "{2DE1F0C6-5CD0-467A-9FFF-1D301B3B95D6}"
EndProject
Project("{FAE04EC0-301F-11D3-BF4B-00C04F79EFBC}") = "Domain", "Api.Domain\Domain.csproj", "{28AE2628-6295-4021-A1F1-7DA50F9D4716}"
EndProject
Project("{FAE04EC0-301F-11D3-BF4B-00C04F79EFBC}") = "CrossCutting", "Api.CrossCutting\CrossCutting.csproj", "{DE828A5E-4022-4715-9615-AA07481FA259}"
EndProject
Project("{FAE04EC0-301F-11D3-BF4B-00C04F79EFBC}") = "Data", "Api.Data\Data.csproj", "{7644C2E3-8FF5-4918-B882-510CD932EFF2}"
EndProject
Project("{FAE04EC0-301F-11D3-BF4B-00C04F79EFBC}") = "Service", "Api.Service\Service.csproj", "{5B39EB41-D029-4439-9A85-5579AB8E39AE}"
EndProject
Global
	GlobalSection(SolutionConfigurationPlatforms) = preSolution
		Debug|Any CPU = Debug|Any CPU
		Debug|x64 = Debug|x64
		Debug|x86 = Debug|x86
		Release|Any CPU = Release|Any CPU
		Release|x64 = Release|x64
		Release|x86 = Release|x86
	EndGlobalSection
	GlobalSection(SolutionProperties) = preSolution
		HideSolutionNode = FALSE
	EndGlobalSection
	GlobalSection(ProjectConfigurationPlatforms) = postSolution
		{2DE1F0C6-5CD0-467A-9FFF-1D301B3B95D6}.Debug|Any CPU.ActiveCfg = Debug|Any CPU
		{2DE1F0C6-5CD0-467A-9FFF-1D301B3B95D6}.Debug|Any CPU.Build.0 = Debug|Any CPU
		{2DE1F0C6-5CD0-467A-9FFF-1D301B3B95D6}.Debug|x64.ActiveCfg = Debug|Any CPU
		{2DE1F0C6-5CD0-467A-9FFF-1D301B3B95D6}.Debug|x64.Build.0 = Debug|Any CPU
		{2DE1F0C6-5CD0-467A-9FFF-1D301B3B95D6}.Debug|x86.ActiveCfg = Debug|Any CPU
		{2DE1F0C6-5CD0-467A-9FFF-1D301B3B95D6}.Debug|x86.Build.0 = Debug|Any CPU
		{2DE1F0C6-5CD0-467A-9FFF-1D301B3B95D6}.Release|Any CPU.ActiveCfg = Release|Any CPU
		{2DE1F0C6-5CD0-467A-9FFF-1D301B3B95D6}.Release|Any CPU.Build.0 = Release|Any CPU
		{2DE1F0C6-5CD0-467A-9FFF-1D301B3B95D6}.Release|x64.ActiveCfg = Release|Any CPU
		{2DE1F0C6-5CD0-467A-9FFF-1D301B3B95D6}.Release|x64.Build.0 = Release|Any CPU
		{2DE1F0C6-5CD0-467A-9FFF-1D301B3B95D6}.Release|x86.ActiveCfg = Release|Any CPU
		{2DE1F0C6-5CD0-467A-9FFF-1D301B3B95D6}.Release|x86.Build.0 = Release|Any CPU
		{28AE2628-6295-4021-A1F1-7DA50F9D4716}.Debug|Any CPU.ActiveCfg = Debug|Any CPU
		{28AE2628-6295-4021-A1F1-7DA50F9D4716}.Debug|Any CPU.Build.0 = Debug|Any CPU
		{28AE2628-6295-4021-A1F1-7DA50F9D4716}.Debug|x64.ActiveCfg = Debug|Any CPU
		{28AE2628-6295-4021-A1F1-7DA50F9D4716}.Debug|x64.Build.0 = Debug|Any CPU
		{28AE2628-6295-4021-A1F1-7DA50F9D4716}.Debug|x86.ActiveCfg = Debug|Any CPU
		{28AE2628-6295-4021-A1F1-7DA50F9D4716}.Debug|x86.Build.0 = Debug|Any CPU
		{28AE2628-6295-4021-A1F1-7DA50F9D4716}.Release|Any CPU.ActiveCfg = Release|Any CPU
		{28AE2628-6295-4021-A1F1-7DA50F9D4716}.Release|Any CPU.Build.0 = Release|Any CPU
		{28AE2628-6295-4021-A1F1-7DA50F9D4716}.Release|x64.ActiveCfg = Release|Any CPU
		{28AE2628-6295-4021-A1F1-7DA50F9D4716}.Release|x64.Build.0 = Release|Any CPU
		{28AE2628-6295-4021-A1F1-7DA50F9D4716}.Release|x86.ActiveCfg = Release|Any CPU
		{28AE2628-6295-4021-A1F1-7DA50F9D4716}.Release|x86.Build.0 = Release|Any CPU
		{DE828A5E-4022-4715-9615-AA07481FA259}.Debug|Any CPU.ActiveCfg = Debug|Any CPU
		{DE828A5E-4022-4715-9615-AA07481FA259}.Debug|Any CPU.Build.0 = Debug|Any CPU
		{DE828A5E-4022-4715-9615-AA07481FA259}.Debug|x64.ActiveCfg = Debug|Any CPU
		{DE828A5E-4022-4715-9615-AA07481FA259}.Debug|x64.Build.0 = Debug|Any CPU
		{DE828A5E-4022-4715-9615-AA07481FA259}.Debug|x86.ActiveCfg = Debug|Any CPU
		{DE828A5E-4022-4715-9615-AA07481FA259}.Debug|x86.Build.0 = Debug|Any CPU
		{DE828A5E-4022-4715-9615-AA07481FA259}.Release|Any CPU.ActiveCfg = Release|Any CPU
		{DE828A5E-4022-4715-9615-AA07481FA259}.Release|Any CPU.Build.0 = Release|Any CPU
		{DE828A5E-4022-4715-9615-AA07481FA259}.Release|x64.ActiveCfg = Release|Any CPU
		{DE828A5E-4022-4715-9615-AA07481FA259}.Release|x64.Build.0 = Release|Any CPU
		{DE828A5E-4022-4715-9615-AA07481FA259}.Release|x86.ActiveCfg = Release|Any CPU
		{DE828A5E-4022-4715-9615-AA07481FA259}.Release|x86.Build.0 = Release|Any CPU
		{7644C2E3-8FF5-4918-B882-510CD932EFF2}.Debug|Any CPU.ActiveCfg = Debug|Any CPU
		{7644C2E3-8FF5-4918-B882-510CD932EFF2}.Debug|Any CPU.Build.0 = Debug|Any CPU
		{7644C2E3-8FF5-4918-B882-510CD932EFF2}.Debug|x64.ActiveCfg = Debug|Any CPU
		{7644C2E3-8FF5-4918-B882-510CD932EFF2}.Debug|x64.Build.0 = Debug|Any CPU
		{7644C2E3-8FF5-4918-B882-510CD932EFF2}.Debug|x86.ActiveCfg = Debug|Any CPU
		{7644C2E3-8FF5-4918-B882-510CD932EFF2}.Debug|x86.Build.0 = Debug|Any CPU
		{7644C2E3-8FF5-4918-B882-510CD932EFF2}.Release|Any CPU.ActiveCfg = Release|Any CPU
		{7644C2E3-8FF5-4918-B882-510CD932EFF2}.Release|Any CPU.Build.0 = Release|Any CPU
		{7644C2E3-8FF5-4918-B882-510CD932EFF2}.Release|x64.ActiveCfg = Release|Any CPU
		{7644C2E3-8FF5-4918-B882-510CD932EFF2}.Release|x64.Build.0 = Release|Any CPU
		{7644C2E3-8FF5-4918-B882-510CD932EFF2}.Release|x86.ActiveCfg = Release|Any CPU
		{7644C2E3-8FF5-4918-B882-510CD932EFF2}.Release|x86.Build.0 = Release|Any CPU
		{5B39EB41-D029-4439-9A85-5579AB8E39AE}.Debug|Any CPU.ActiveCfg = Debug|Any CPU
		{5B39EB41-D029-4439-9A85-5579AB8E39AE}.Debug|Any CPU.Build.0 = Debug|Any CPU
		{5B39EB41-D029-4439-9A85-5579AB8E39AE}.Debug|x64.ActiveCfg = Debug|Any CPU
		{5B39EB41-D029-4439-9A85-5579AB8E39AE}.Debug|x64.Build.0 = Debug|Any CPU
		{5B39EB41-D029-4439-9A85-5579AB8E39AE}.Debug|x86.ActiveCfg = Debug|Any CPU
		{5B39EB41-D029-4439-9A85-5579AB8E39AE}.Debug|x86.Build.0 = Debug|Any CPU
		{5B39EB41-D029-4439-9A85-5579AB8E39AE}.Release|Any CPU.ActiveCfg = Release|Any CPU
		{5B39EB41-D029-4439-9A85-5579AB8E39AE}.Release|Any CPU.Build.0 = Release|Any CPU
		{5B39EB41-D029-4439-9A85-5579AB8E39AE}.Release|x64.ActiveCfg = Release|Any CPU
		{5B39EB41-D029-4439-9A85-5579AB8E39AE}.Release|x64.Build.0 = Release|Any CPU
		{5B39EB41-D029-4439-9A85-5579AB8E39AE}.Release|x86.ActiveCfg = Release|Any CPU
		{5B39EB41-D029-4439-9A85-5579AB8E39AE}.Release|x86.Build.0 = Release|Any CPU
	EndGlobalSection
EndGlobal
